
Microsoft Visual Studio Solution File, Format Version 12.00
# Visual Studio 2013
VisualStudioVersion = 12.0.31101.0
MinimumVisualStudioVersion = 10.0.40219.1
Project("{FAE04EC0-301F-11D3-BF4B-00C04F79EFBC}") = "QRPaste", "QRPaste\QRPaste.csproj", "{C4A65C2A-472D-47AB-88BC-220826306B83}"
EndProject
Project("{FAE04EC0-301F-11D3-BF4B-00C04F79EFBC}") = "QRPaste.Tests", "QRPaste.Tests\QRPaste.Tests.csproj", "{B66F27B5-A899-471A-953D-F5F5BF102EDC}"
EndProject
Global
	GlobalSection(SolutionConfigurationPlatforms) = preSolution
		Debug|Any CPU = Debug|Any CPU
		Release|Any CPU = Release|Any CPU
	EndGlobalSection
	GlobalSection(ProjectConfigurationPlatforms) = postSolution
		{C4A65C2A-472D-47AB-88BC-220826306B83}.Debug|Any CPU.ActiveCfg = Debug|Any CPU
		{C4A65C2A-472D-47AB-88BC-220826306B83}.Debug|Any CPU.Build.0 = Debug|Any CPU
		{C4A65C2A-472D-47AB-88BC-220826306B83}.Release|Any CPU.ActiveCfg = Release|Any CPU
		{C4A65C2A-472D-47AB-88BC-220826306B83}.Release|Any CPU.Build.0 = Release|Any CPU
		{B66F27B5-A899-471A-953D-F5F5BF102EDC}.Debug|Any CPU.ActiveCfg = Debug|Any CPU
		{B66F27B5-A899-471A-953D-F5F5BF102EDC}.Debug|Any CPU.Build.0 = Debug|Any CPU
		{B66F27B5-A899-471A-953D-F5F5BF102EDC}.Release|Any CPU.ActiveCfg = Release|Any CPU
		{B66F27B5-A899-471A-953D-F5F5BF102EDC}.Release|Any CPU.Build.0 = Release|Any CPU
	EndGlobalSection
	GlobalSection(SolutionProperties) = preSolution
		HideSolutionNode = FALSE
	EndGlobalSection
EndGlobal
